
Microsoft Visual Studio Solution File, Format Version 12.00
# Visual Studio 14
VisualStudioVersion = 14.0.25420.1
MinimumVisualStudioVersion = 10.0.40219.1
Project("{FAE04EC0-301F-11D3-BF4B-00C04F79EFBC}") = "Task5_1_Collections", "Task5_1_Collections\Task5_1_Collections.csproj", "{23F3C81F-6260-4AFE-A77C-F1DFEA57C793}"
EndProject
Project("{FAE04EC0-301F-11D3-BF4B-00C04F79EFBC}") = "Task5_2_LINQ", "Task5_2_LINQ\Task5_2_LINQ.csproj", "{9038D6DE-B997-4B60-AE7D-8A1CA39A804C}"
EndProject
Project("{FAE04EC0-301F-11D3-BF4B-00C04F79EFBC}") = "Task5_3_LINQtoXML", "Task5_3_LINQtoXML\Task5_3_LINQtoXML.csproj", "{82D27BF4-28EB-4282-BFA2-14636D0D599C}"
EndProject
Global
	GlobalSection(SolutionConfigurationPlatforms) = preSolution
		Debug|Any CPU = Debug|Any CPU
		Release|Any CPU = Release|Any CPU
	EndGlobalSection
	GlobalSection(ProjectConfigurationPlatforms) = postSolution
		{23F3C81F-6260-4AFE-A77C-F1DFEA57C793}.Debug|Any CPU.ActiveCfg = Debug|Any CPU
		{23F3C81F-6260-4AFE-A77C-F1DFEA57C793}.Debug|Any CPU.Build.0 = Debug|Any CPU
		{23F3C81F-6260-4AFE-A77C-F1DFEA57C793}.Release|Any CPU.ActiveCfg = Release|Any CPU
		{23F3C81F-6260-4AFE-A77C-F1DFEA57C793}.Release|Any CPU.Build.0 = Release|Any CPU
		{9038D6DE-B997-4B60-AE7D-8A1CA39A804C}.Debug|Any CPU.ActiveCfg = Debug|Any CPU
		{9038D6DE-B997-4B60-AE7D-8A1CA39A804C}.Debug|Any CPU.Build.0 = Debug|Any CPU
		{9038D6DE-B997-4B60-AE7D-8A1CA39A804C}.Release|Any CPU.ActiveCfg = Release|Any CPU
		{9038D6DE-B997-4B60-AE7D-8A1CA39A804C}.Release|Any CPU.Build.0 = Release|Any CPU
		{82D27BF4-28EB-4282-BFA2-14636D0D599C}.Debug|Any CPU.ActiveCfg = Debug|Any CPU
		{82D27BF4-28EB-4282-BFA2-14636D0D599C}.Debug|Any CPU.Build.0 = Debug|Any CPU
		{82D27BF4-28EB-4282-BFA2-14636D0D599C}.Release|Any CPU.ActiveCfg = Release|Any CPU
		{82D27BF4-28EB-4282-BFA2-14636D0D599C}.Release|Any CPU.Build.0 = Release|Any CPU
	EndGlobalSection
	GlobalSection(SolutionProperties) = preSolution
		HideSolutionNode = FALSE
	EndGlobalSection
EndGlobal
